
Microsoft Visual Studio Solution File, Format Version 12.00
# Visual Studio 15
VisualStudioVersion = 15.0.27130.2027
MinimumVisualStudioVersion = 10.0.40219.1
Project("{9A19103F-16F7-4668-BE54-9A1E7A4F7556}") = "Lab1A", "Lab1A\Lab1A.csproj", "{A06F3081-43B6-4C1C-B151-CCC7F8B4A809}"
EndProject
Project("{9A19103F-16F7-4668-BE54-9A1E7A4F7556}") = "Lab1ATest", "Lab1ATest\Lab1ATest.csproj", "{A940A503-F033-4C77-9B7E-1915BA2F5842}"
EndProject
Project("{FAE04EC0-301F-11D3-BF4B-00C04F79EFBC}") = "Lab1B", "Lab1B\Lab1B.csproj", "{1F107119-2195-41D0-84AD-390C8525120C}"
EndProject
Global
	GlobalSection(SolutionConfigurationPlatforms) = preSolution
		Debug|Any CPU = Debug|Any CPU
		Release|Any CPU = Release|Any CPU
	EndGlobalSection
	GlobalSection(ProjectConfigurationPlatforms) = postSolution
		{A06F3081-43B6-4C1C-B151-CCC7F8B4A809}.Debug|Any CPU.ActiveCfg = Debug|Any CPU
		{A06F3081-43B6-4C1C-B151-CCC7F8B4A809}.Debug|Any CPU.Build.0 = Debug|Any CPU
		{A06F3081-43B6-4C1C-B151-CCC7F8B4A809}.Release|Any CPU.ActiveCfg = Release|Any CPU
		{A06F3081-43B6-4C1C-B151-CCC7F8B4A809}.Release|Any CPU.Build.0 = Release|Any CPU
		{A940A503-F033-4C77-9B7E-1915BA2F5842}.Debug|Any CPU.ActiveCfg = Debug|Any CPU
		{A940A503-F033-4C77-9B7E-1915BA2F5842}.Debug|Any CPU.Build.0 = Debug|Any CPU
		{A940A503-F033-4C77-9B7E-1915BA2F5842}.Release|Any CPU.ActiveCfg = Release|Any CPU
		{A940A503-F033-4C77-9B7E-1915BA2F5842}.Release|Any CPU.Build.0 = Release|Any CPU
		{1F107119-2195-41D0-84AD-390C8525120C}.Debug|Any CPU.ActiveCfg = Debug|Any CPU
		{1F107119-2195-41D0-84AD-390C8525120C}.Debug|Any CPU.Build.0 = Debug|Any CPU
		{1F107119-2195-41D0-84AD-390C8525120C}.Release|Any CPU.ActiveCfg = Release|Any CPU
		{1F107119-2195-41D0-84AD-390C8525120C}.Release|Any CPU.Build.0 = Release|Any CPU
	EndGlobalSection
	GlobalSection(SolutionProperties) = preSolution
		HideSolutionNode = FALSE
	EndGlobalSection
	GlobalSection(ExtensibilityGlobals) = postSolution
		SolutionGuid = {8E55FC49-7BFD-4579-8E49-42D7B9B79E46}
	EndGlobalSection
EndGlobal
